
Microsoft Visual Studio Solution File, Format Version 12.00
# Visual Studio Version 17
VisualStudioVersion = 17.14.36518.9 d17.14
MinimumVisualStudioVersion = 10.0.40219.1
Project("{FAE04EC0-301F-11D3-BF4B-00C04F79EFBC}") = "Users_Module", "Users_Module.csproj", "{0C520A4B-B35B-127C-3940-60C458233ACE}"
EndProject
Global
	GlobalSection(SolutionConfigurationPlatforms) = preSolution
		Debug|Any CPU = Debug|Any CPU
		Release|Any CPU = Release|Any CPU
	EndGlobalSection
	GlobalSection(ProjectConfigurationPlatforms) = postSolution
		{0C520A4B-B35B-127C-3940-60C458233ACE}.Debug|Any CPU.ActiveCfg = Debug|Any CPU
		{0C520A4B-B35B-127C-3940-60C458233ACE}.Debug|Any CPU.Build.0 = Debug|Any CPU
		{0C520A4B-B35B-127C-3940-60C458233ACE}.Release|Any CPU.ActiveCfg = Release|Any CPU
		{0C520A4B-B35B-127C-3940-60C458233ACE}.Release|Any CPU.Build.0 = Release|Any CPU
	EndGlobalSection
	GlobalSection(SolutionProperties) = preSolution
		HideSolutionNode = FALSE
	EndGlobalSection
	GlobalSection(ExtensibilityGlobals) = postSolution
		SolutionGuid = {5AC90959-7664-40A3-9753-DA0CD0B8FE31}
	EndGlobalSection
EndGlobal
